
Microsoft Visual Studio Solution File, Format Version 12.00
Project("{FAE04EC0-301F-11D3-BF4B-00C04F79EFBC}") = "RookieShop.WebApi", "RookieShop.WebApi\RookieShop.WebApi.csproj", "{5DC07F40-FAFC-4628-991B-869594A62ECD}"
EndProject
Project("{FAE04EC0-301F-11D3-BF4B-00C04F79EFBC}") = "RookieShop.FrontStore", "RookieShop.FrontStore\RookieShop.FrontStore.csproj", "{B3D6D57F-8C8C-4050-83CD-ADB545F60FD5}"
EndProject
Project("{2150E333-8FDC-42A3-9474-1A3956D46DE8}") = "ProductCatalog", "ProductCatalog", "{F67F5420-EA42-4801-BFA1-45A0C62B52EC}"
EndProject
Project("{FAE04EC0-301F-11D3-BF4B-00C04F79EFBC}") = "RookieShop.ProductCatalog.Application", "ProductCatalog\RookieShop.ProductCatalog.Application\RookieShop.ProductCatalog.Application.csproj", "{91F24BBA-CC04-4F71-A05A-DBA034349EF3}"
EndProject
Project("{FAE04EC0-301F-11D3-BF4B-00C04F79EFBC}") = "RookieShop.ProductCatalog.Infrastructure", "ProductCatalog\RookieShop.ProductCatalog.Infrastructure\RookieShop.ProductCatalog.Infrastructure.csproj", "{6E2439D0-EA71-4842-92EB-BE2193673BAB}"
EndProject
Project("{FAE04EC0-301F-11D3-BF4B-00C04F79EFBC}") = "RookieShop.Shared", "RookieShop.Shared\RookieShop.Shared.csproj", "{0EEB36F2-9A16-48A5-A65D-4903464355EB}"
EndProject
Project("{2150E333-8FDC-42A3-9474-1A3956D46DE8}") = "ImageGallery", "ImageGallery", "{36481EF8-A800-4708-A20B-2216B2547086}"
EndProject
Project("{FAE04EC0-301F-11D3-BF4B-00C04F79EFBC}") = "RookieShop.ImageGallery.Application", "ImageGallery\RookieShop.ImageGallery.Application\RookieShop.ImageGallery.Application.csproj", "{35633E38-0558-4AB8-896C-2AA80FF707EE}"
EndProject
Project("{FAE04EC0-301F-11D3-BF4B-00C04F79EFBC}") = "RookieShop.ImageGallery.Infrastructure", "ImageGallery\RookieShop.ImageGallery.Infrastructure\RookieShop.ImageGallery.Infrastructure.csproj", "{34BA9466-3D5E-4293-BD3A-EB3FAB8EE152}"
EndProject
Project("{FAE04EC0-301F-11D3-BF4B-00C04F79EFBC}") = "RookieShop.ProductCatalog.Test", "ProductCatalog\RookieShop.ProductCatalog.Test\RookieShop.ProductCatalog.Test.csproj", "{836AD094-2709-4E0A-8D65-C126F7CDE802}"
EndProject
Project("{FAE04EC0-301F-11D3-BF4B-00C04F79EFBC}") = "RookieShop.ImageGallery.Test", "ImageGallery\RookieShop.ImageGallery.Test\RookieShop.ImageGallery.Test.csproj", "{3B76AF61-E9CD-4462-8C14-F72E043A3E95}"
EndProject
Project("{FAE04EC0-301F-11D3-BF4B-00C04F79EFBC}") = "RookieShop.WebApi.Test", "RookieShop.WebApi.Test\RookieShop.WebApi.Test.csproj", "{EF6AF4BD-D0EE-4690-B670-60EE253E45F0}"
EndProject
Project("{2150E333-8FDC-42A3-9474-1A3956D46DE8}") = "Shopping", "Shopping", "{0E4862BE-4C42-4F8E-BD09-128E7047267D}"
EndProject
Project("{FAE04EC0-301F-11D3-BF4B-00C04F79EFBC}") = "RookieShop.Shopping.Domain", "Shopping\RookieShop.Shopping.Domain\RookieShop.Shopping.Domain.csproj", "{FA37CD34-19F0-4930-BAC9-D3A3FEE6D64F}"
EndProject
Project("{FAE04EC0-301F-11D3-BF4B-00C04F79EFBC}") = "RookieShop.Shopping.Application", "Shopping\RookieShop.Shopping.Application\RookieShop.Shopping.Application.csproj", "{64555259-AA9E-4F1E-9204-083392CC8D04}"
EndProject
Project("{FAE04EC0-301F-11D3-BF4B-00C04F79EFBC}") = "RookieShop.ProductCatalog.Contracts", "ProductCatalog\RookieShop.ProductCatalog.Contracts\RookieShop.ProductCatalog.Contracts.csproj", "{C92716C1-83A1-46C9-951C-15A82D4A8FBE}"
EndProject
Project("{FAE04EC0-301F-11D3-BF4B-00C04F79EFBC}") = "RookieShop.Shopping.Infrastructure", "Shopping\RookieShop.Shopping.Infrastructure\RookieShop.Shopping.Infrastructure.csproj", "{A782C874-BE5E-4434-A71E-B47E173F0F3A}"
EndProject
Project("{FAE04EC0-301F-11D3-BF4B-00C04F79EFBC}") = "RookieShop.Shopping.Contracts", "Shopping\RookieShop.Shopping.Contracts\RookieShop.Shopping.Contracts.csproj", "{4E7ED42C-42B4-4520-9CB4-C9120B92EE1B}"
EndProject
Project("{2150E333-8FDC-42A3-9474-1A3956D46DE8}") = "Customers", "Customers", "{A39AACF5-6012-4750-8BAA-426405FC356E}"
EndProject
Project("{FAE04EC0-301F-11D3-BF4B-00C04F79EFBC}") = "RookieShop.Customers", "Customers\RookieShop.Customers\RookieShop.Customers.csproj", "{2A74C92B-CE0E-4967-97E5-9C4BDCD3DA34}"
EndProject
Project("{FAE04EC0-301F-11D3-BF4B-00C04F79EFBC}") = "RookieShop.Shopping.Domain.Test", "Shopping\RookieShop.Shopping.Domain.Test\RookieShop.Shopping.Domain.Test.csproj", "{52C96C87-D0EB-4A04-B831-7785FDB48B3B}"
EndProject
Project("{FAE04EC0-301F-11D3-BF4B-00C04F79EFBC}") = "RookieShop.ProductCatalog.ViewModels", "ProductCatalog\RookieShop.ProductCatalog.ViewModels\RookieShop.ProductCatalog.ViewModels.csproj", "{4C6729E1-2270-4A40-AF32-A1F8CE911082}"
EndProject
Project("{FAE04EC0-301F-11D3-BF4B-00C04F79EFBC}") = "RookieShop.ImageGallery.ViewModels", "ImageGallery\RookieShop.ImageGallery.ViewModels\RookieShop.ImageGallery.ViewModels.csproj", "{096AB482-C6DB-4F5C-9700-6FE57C84D79F}"
EndProject
Project("{FAE04EC0-301F-11D3-BF4B-00C04F79EFBC}") = "RookieShop.Shopping.ViewModels", "Shopping\RookieShop.Shopping.ViewModels\RookieShop.Shopping.ViewModels.csproj", "{8832D438-D21B-4DFC-AAC9-6348D0EAED2B}"
EndProject
Project("{FAE04EC0-301F-11D3-BF4B-00C04F79EFBC}") = "RookieShop.Shopping.Application.Test", "Shopping\RookieShop.Shopping.Application.Test\RookieShop.Shopping.Application.Test.csproj", "{AF24FAB3-BF31-40A8-B790-61D1218039CC}"
EndProject
Global
	GlobalSection(SolutionConfigurationPlatforms) = preSolution
		Debug|Any CPU = Debug|Any CPU
		Release|Any CPU = Release|Any CPU
	EndGlobalSection
	GlobalSection(ProjectConfigurationPlatforms) = postSolution
		{5DC07F40-FAFC-4628-991B-869594A62ECD}.Debug|Any CPU.ActiveCfg = Debug|Any CPU
		{5DC07F40-FAFC-4628-991B-869594A62ECD}.Debug|Any CPU.Build.0 = Debug|Any CPU
		{5DC07F40-FAFC-4628-991B-869594A62ECD}.Release|Any CPU.ActiveCfg = Release|Any CPU
		{5DC07F40-FAFC-4628-991B-869594A62ECD}.Release|Any CPU.Build.0 = Release|Any CPU
		{B3D6D57F-8C8C-4050-83CD-ADB545F60FD5}.Debug|Any CPU.ActiveCfg = Debug|Any CPU
		{B3D6D57F-8C8C-4050-83CD-ADB545F60FD5}.Debug|Any CPU.Build.0 = Debug|Any CPU
		{B3D6D57F-8C8C-4050-83CD-ADB545F60FD5}.Release|Any CPU.ActiveCfg = Release|Any CPU
		{B3D6D57F-8C8C-4050-83CD-ADB545F60FD5}.Release|Any CPU.Build.0 = Release|Any CPU
		{91F24BBA-CC04-4F71-A05A-DBA034349EF3}.Debug|Any CPU.ActiveCfg = Debug|Any CPU
		{91F24BBA-CC04-4F71-A05A-DBA034349EF3}.Debug|Any CPU.Build.0 = Debug|Any CPU
		{91F24BBA-CC04-4F71-A05A-DBA034349EF3}.Release|Any CPU.ActiveCfg = Release|Any CPU
		{91F24BBA-CC04-4F71-A05A-DBA034349EF3}.Release|Any CPU.Build.0 = Release|Any CPU
		{6E2439D0-EA71-4842-92EB-BE2193673BAB}.Debug|Any CPU.ActiveCfg = Debug|Any CPU
		{6E2439D0-EA71-4842-92EB-BE2193673BAB}.Debug|Any CPU.Build.0 = Debug|Any CPU
		{6E2439D0-EA71-4842-92EB-BE2193673BAB}.Release|Any CPU.ActiveCfg = Release|Any CPU
		{6E2439D0-EA71-4842-92EB-BE2193673BAB}.Release|Any CPU.Build.0 = Release|Any CPU
		{0EEB36F2-9A16-48A5-A65D-4903464355EB}.Debug|Any CPU.ActiveCfg = Debug|Any CPU
		{0EEB36F2-9A16-48A5-A65D-4903464355EB}.Debug|Any CPU.Build.0 = Debug|Any CPU
		{0EEB36F2-9A16-48A5-A65D-4903464355EB}.Release|Any CPU.ActiveCfg = Release|Any CPU
		{0EEB36F2-9A16-48A5-A65D-4903464355EB}.Release|Any CPU.Build.0 = Release|Any CPU
		{35633E38-0558-4AB8-896C-2AA80FF707EE}.Debug|Any CPU.ActiveCfg = Debug|Any CPU
		{35633E38-0558-4AB8-896C-2AA80FF707EE}.Debug|Any CPU.Build.0 = Debug|Any CPU
		{35633E38-0558-4AB8-896C-2AA80FF707EE}.Release|Any CPU.ActiveCfg = Release|Any CPU
		{35633E38-0558-4AB8-896C-2AA80FF707EE}.Release|Any CPU.Build.0 = Release|Any CPU
		{34BA9466-3D5E-4293-BD3A-EB3FAB8EE152}.Debug|Any CPU.ActiveCfg = Debug|Any CPU
		{34BA9466-3D5E-4293-BD3A-EB3FAB8EE152}.Debug|Any CPU.Build.0 = Debug|Any CPU
		{34BA9466-3D5E-4293-BD3A-EB3FAB8EE152}.Release|Any CPU.ActiveCfg = Release|Any CPU
		{34BA9466-3D5E-4293-BD3A-EB3FAB8EE152}.Release|Any CPU.Build.0 = Release|Any CPU
		{836AD094-2709-4E0A-8D65-C126F7CDE802}.Debug|Any CPU.ActiveCfg = Debug|Any CPU
		{836AD094-2709-4E0A-8D65-C126F7CDE802}.Debug|Any CPU.Build.0 = Debug|Any CPU
		{836AD094-2709-4E0A-8D65-C126F7CDE802}.Release|Any CPU.ActiveCfg = Release|Any CPU
		{836AD094-2709-4E0A-8D65-C126F7CDE802}.Release|Any CPU.Build.0 = Release|Any CPU
		{3B76AF61-E9CD-4462-8C14-F72E043A3E95}.Debug|Any CPU.ActiveCfg = Debug|Any CPU
		{3B76AF61-E9CD-4462-8C14-F72E043A3E95}.Debug|Any CPU.Build.0 = Debug|Any CPU
		{3B76AF61-E9CD-4462-8C14-F72E043A3E95}.Release|Any CPU.ActiveCfg = Release|Any CPU
		{3B76AF61-E9CD-4462-8C14-F72E043A3E95}.Release|Any CPU.Build.0 = Release|Any CPU
		{EF6AF4BD-D0EE-4690-B670-60EE253E45F0}.Debug|Any CPU.ActiveCfg = Debug|Any CPU
		{EF6AF4BD-D0EE-4690-B670-60EE253E45F0}.Debug|Any CPU.Build.0 = Debug|Any CPU
		{EF6AF4BD-D0EE-4690-B670-60EE253E45F0}.Release|Any CPU.ActiveCfg = Release|Any CPU
		{EF6AF4BD-D0EE-4690-B670-60EE253E45F0}.Release|Any CPU.Build.0 = Release|Any CPU
		{FA37CD34-19F0-4930-BAC9-D3A3FEE6D64F}.Debug|Any CPU.ActiveCfg = Debug|Any CPU
		{FA37CD34-19F0-4930-BAC9-D3A3FEE6D64F}.Debug|Any CPU.Build.0 = Debug|Any CPU
		{FA37CD34-19F0-4930-BAC9-D3A3FEE6D64F}.Release|Any CPU.ActiveCfg = Release|Any CPU
		{FA37CD34-19F0-4930-BAC9-D3A3FEE6D64F}.Release|Any CPU.Build.0 = Release|Any CPU
		{64555259-AA9E-4F1E-9204-083392CC8D04}.Debug|Any CPU.ActiveCfg = Debug|Any CPU
		{64555259-AA9E-4F1E-9204-083392CC8D04}.Debug|Any CPU.Build.0 = Debug|Any CPU
		{64555259-AA9E-4F1E-9204-083392CC8D04}.Release|Any CPU.ActiveCfg = Release|Any CPU
		{64555259-AA9E-4F1E-9204-083392CC8D04}.Release|Any CPU.Build.0 = Release|Any CPU
		{C92716C1-83A1-46C9-951C-15A82D4A8FBE}.Debug|Any CPU.ActiveCfg = Debug|Any CPU
		{C92716C1-83A1-46C9-951C-15A82D4A8FBE}.Debug|Any CPU.Build.0 = Debug|Any CPU
		{C92716C1-83A1-46C9-951C-15A82D4A8FBE}.Release|Any CPU.ActiveCfg = Release|Any CPU
		{C92716C1-83A1-46C9-951C-15A82D4A8FBE}.Release|Any CPU.Build.0 = Release|Any CPU
		{A782C874-BE5E-4434-A71E-B47E173F0F3A}.Debug|Any CPU.ActiveCfg = Debug|Any CPU
		{A782C874-BE5E-4434-A71E-B47E173F0F3A}.Debug|Any CPU.Build.0 = Debug|Any CPU
		{A782C874-BE5E-4434-A71E-B47E173F0F3A}.Release|Any CPU.ActiveCfg = Release|Any CPU
		{A782C874-BE5E-4434-A71E-B47E173F0F3A}.Release|Any CPU.Build.0 = Release|Any CPU
		{4E7ED42C-42B4-4520-9CB4-C9120B92EE1B}.Debug|Any CPU.ActiveCfg = Debug|Any CPU
		{4E7ED42C-42B4-4520-9CB4-C9120B92EE1B}.Debug|Any CPU.Build.0 = Debug|Any CPU
		{4E7ED42C-42B4-4520-9CB4-C9120B92EE1B}.Release|Any CPU.ActiveCfg = Release|Any CPU
		{4E7ED42C-42B4-4520-9CB4-C9120B92EE1B}.Release|Any CPU.Build.0 = Release|Any CPU
		{2A74C92B-CE0E-4967-97E5-9C4BDCD3DA34}.Debug|Any CPU.ActiveCfg = Debug|Any CPU
		{2A74C92B-CE0E-4967-97E5-9C4BDCD3DA34}.Debug|Any CPU.Build.0 = Debug|Any CPU
		{2A74C92B-CE0E-4967-97E5-9C4BDCD3DA34}.Release|Any CPU.ActiveCfg = Release|Any CPU
		{2A74C92B-CE0E-4967-97E5-9C4BDCD3DA34}.Release|Any CPU.Build.0 = Release|Any CPU
		{52C96C87-D0EB-4A04-B831-7785FDB48B3B}.Debug|Any CPU.ActiveCfg = Debug|Any CPU
		{52C96C87-D0EB-4A04-B831-7785FDB48B3B}.Debug|Any CPU.Build.0 = Debug|Any CPU
		{52C96C87-D0EB-4A04-B831-7785FDB48B3B}.Release|Any CPU.ActiveCfg = Release|Any CPU
		{52C96C87-D0EB-4A04-B831-7785FDB48B3B}.Release|Any CPU.Build.0 = Release|Any CPU
		{4C6729E1-2270-4A40-AF32-A1F8CE911082}.Debug|Any CPU.ActiveCfg = Debug|Any CPU
		{4C6729E1-2270-4A40-AF32-A1F8CE911082}.Debug|Any CPU.Build.0 = Debug|Any CPU
		{4C6729E1-2270-4A40-AF32-A1F8CE911082}.Release|Any CPU.ActiveCfg = Release|Any CPU
		{4C6729E1-2270-4A40-AF32-A1F8CE911082}.Release|Any CPU.Build.0 = Release|Any CPU
		{096AB482-C6DB-4F5C-9700-6FE57C84D79F}.Debug|Any CPU.ActiveCfg = Debug|Any CPU
		{096AB482-C6DB-4F5C-9700-6FE57C84D79F}.Debug|Any CPU.Build.0 = Debug|Any CPU
		{096AB482-C6DB-4F5C-9700-6FE57C84D79F}.Release|Any CPU.ActiveCfg = Release|Any CPU
		{096AB482-C6DB-4F5C-9700-6FE57C84D79F}.Release|Any CPU.Build.0 = Release|Any CPU
		{8832D438-D21B-4DFC-AAC9-6348D0EAED2B}.Debug|Any CPU.ActiveCfg = Debug|Any CPU
		{8832D438-D21B-4DFC-AAC9-6348D0EAED2B}.Debug|Any CPU.Build.0 = Debug|Any CPU
		{8832D438-D21B-4DFC-AAC9-6348D0EAED2B}.Release|Any CPU.ActiveCfg = Release|Any CPU
		{8832D438-D21B-4DFC-AAC9-6348D0EAED2B}.Release|Any CPU.Build.0 = Release|Any CPU
		{AF24FAB3-BF31-40A8-B790-61D1218039CC}.Debug|Any CPU.ActiveCfg = Debug|Any CPU
		{AF24FAB3-BF31-40A8-B790-61D1218039CC}.Debug|Any CPU.Build.0 = Debug|Any CPU
		{AF24FAB3-BF31-40A8-B790-61D1218039CC}.Release|Any CPU.ActiveCfg = Release|Any CPU
		{AF24FAB3-BF31-40A8-B790-61D1218039CC}.Release|Any CPU.Build.0 = Release|Any CPU
	EndGlobalSection
	GlobalSection(NestedProjects) = preSolution
		{91F24BBA-CC04-4F71-A05A-DBA034349EF3} = {F67F5420-EA42-4801-BFA1-45A0C62B52EC}
		{6E2439D0-EA71-4842-92EB-BE2193673BAB} = {F67F5420-EA42-4801-BFA1-45A0C62B52EC}
		{35633E38-0558-4AB8-896C-2AA80FF707EE} = {36481EF8-A800-4708-A20B-2216B2547086}
		{34BA9466-3D5E-4293-BD3A-EB3FAB8EE152} = {36481EF8-A800-4708-A20B-2216B2547086}
		{836AD094-2709-4E0A-8D65-C126F7CDE802} = {F67F5420-EA42-4801-BFA1-45A0C62B52EC}
		{3B76AF61-E9CD-4462-8C14-F72E043A3E95} = {36481EF8-A800-4708-A20B-2216B2547086}
		{FA37CD34-19F0-4930-BAC9-D3A3FEE6D64F} = {0E4862BE-4C42-4F8E-BD09-128E7047267D}
		{64555259-AA9E-4F1E-9204-083392CC8D04} = {0E4862BE-4C42-4F8E-BD09-128E7047267D}
		{C92716C1-83A1-46C9-951C-15A82D4A8FBE} = {F67F5420-EA42-4801-BFA1-45A0C62B52EC}
		{A782C874-BE5E-4434-A71E-B47E173F0F3A} = {0E4862BE-4C42-4F8E-BD09-128E7047267D}
		{4E7ED42C-42B4-4520-9CB4-C9120B92EE1B} = {0E4862BE-4C42-4F8E-BD09-128E7047267D}
		{2A74C92B-CE0E-4967-97E5-9C4BDCD3DA34} = {A39AACF5-6012-4750-8BAA-426405FC356E}
		{52C96C87-D0EB-4A04-B831-7785FDB48B3B} = {0E4862BE-4C42-4F8E-BD09-128E7047267D}
		{4C6729E1-2270-4A40-AF32-A1F8CE911082} = {F67F5420-EA42-4801-BFA1-45A0C62B52EC}
		{096AB482-C6DB-4F5C-9700-6FE57C84D79F} = {36481EF8-A800-4708-A20B-2216B2547086}
		{8832D438-D21B-4DFC-AAC9-6348D0EAED2B} = {0E4862BE-4C42-4F8E-BD09-128E7047267D}
		{AF24FAB3-BF31-40A8-B790-61D1218039CC} = {0E4862BE-4C42-4F8E-BD09-128E7047267D}
	EndGlobalSection
EndGlobal
