
Microsoft Visual Studio Solution File, Format Version 12.00
Project("{FAE04EC0-301F-11D3-BF4B-00C04F79EFBC}") = "RookieShop.WebApi", "RookieShop.WebApi\RookieShop.WebApi.csproj", "{5DC07F40-FAFC-4628-991B-869594A62ECD}"
EndProject
Project("{FAE04EC0-301F-11D3-BF4B-00C04F79EFBC}") = "RookieShop.FrontStore", "RookieShop.FrontStore\RookieShop.FrontStore.csproj", "{B3D6D57F-8C8C-4050-83CD-ADB545F60FD5}"
EndProject
Project("{2150E333-8FDC-42A3-9474-1A3956D46DE8}") = "ProductCatalog", "ProductCatalog", "{F67F5420-EA42-4801-BFA1-45A0C62B52EC}"
EndProject
Project("{FAE04EC0-301F-11D3-BF4B-00C04F79EFBC}") = "RookieShop.ProductCatalog.Application", "ProductCatalog\RookieShop.ProductCatalog.Application\RookieShop.ProductCatalog.Application.csproj", "{91F24BBA-CC04-4F71-A05A-DBA034349EF3}"
EndProject
Project("{FAE04EC0-301F-11D3-BF4B-00C04F79EFBC}") = "RookieShop.ProductCatalog.Infrastructure", "ProductCatalog\RookieShop.ProductCatalog.Infrastructure\RookieShop.ProductCatalog.Infrastructure.csproj", "{6E2439D0-EA71-4842-92EB-BE2193673BAB}"
EndProject
Global
	GlobalSection(SolutionConfigurationPlatforms) = preSolution
		Debug|Any CPU = Debug|Any CPU
		Release|Any CPU = Release|Any CPU
	EndGlobalSection
	GlobalSection(ProjectConfigurationPlatforms) = postSolution
		{5DC07F40-FAFC-4628-991B-869594A62ECD}.Debug|Any CPU.ActiveCfg = Debug|Any CPU
		{5DC07F40-FAFC-4628-991B-869594A62ECD}.Debug|Any CPU.Build.0 = Debug|Any CPU
		{5DC07F40-FAFC-4628-991B-869594A62ECD}.Release|Any CPU.ActiveCfg = Release|Any CPU
		{5DC07F40-FAFC-4628-991B-869594A62ECD}.Release|Any CPU.Build.0 = Release|Any CPU
		{B3D6D57F-8C8C-4050-83CD-ADB545F60FD5}.Debug|Any CPU.ActiveCfg = Debug|Any CPU
		{B3D6D57F-8C8C-4050-83CD-ADB545F60FD5}.Debug|Any CPU.Build.0 = Debug|Any CPU
		{B3D6D57F-8C8C-4050-83CD-ADB545F60FD5}.Release|Any CPU.ActiveCfg = Release|Any CPU
		{B3D6D57F-8C8C-4050-83CD-ADB545F60FD5}.Release|Any CPU.Build.0 = Release|Any CPU
		{91F24BBA-CC04-4F71-A05A-DBA034349EF3}.Debug|Any CPU.ActiveCfg = Debug|Any CPU
		{91F24BBA-CC04-4F71-A05A-DBA034349EF3}.Debug|Any CPU.Build.0 = Debug|Any CPU
		{91F24BBA-CC04-4F71-A05A-DBA034349EF3}.Release|Any CPU.ActiveCfg = Release|Any CPU
		{91F24BBA-CC04-4F71-A05A-DBA034349EF3}.Release|Any CPU.Build.0 = Release|Any CPU
		{6E2439D0-EA71-4842-92EB-BE2193673BAB}.Debug|Any CPU.ActiveCfg = Debug|Any CPU
		{6E2439D0-EA71-4842-92EB-BE2193673BAB}.Debug|Any CPU.Build.0 = Debug|Any CPU
		{6E2439D0-EA71-4842-92EB-BE2193673BAB}.Release|Any CPU.ActiveCfg = Release|Any CPU
		{6E2439D0-EA71-4842-92EB-BE2193673BAB}.Release|Any CPU.Build.0 = Release|Any CPU
	EndGlobalSection
	GlobalSection(NestedProjects) = preSolution
		{91F24BBA-CC04-4F71-A05A-DBA034349EF3} = {F67F5420-EA42-4801-BFA1-45A0C62B52EC}
		{6E2439D0-EA71-4842-92EB-BE2193673BAB} = {F67F5420-EA42-4801-BFA1-45A0C62B52EC}
	EndGlobalSection
EndGlobal
